// !$*UTF8*$!
{
	archiveVersion = 1;
	classes = {
	};
	objectVersion = 48;
	objects = {

/* Begin PBXBuildFile section */
		9607EA081FF7B40900734EF8 /* Message.swift in Sources */ = {isa = PBXBuildFile; fileRef = 9607EA071FF7B40900734EF8 /* Message.swift */; };
		9607EA0C1FF7F9F300734EF8 /* MessageViewController.swift in Sources */ = {isa = PBXBuildFile; fileRef = 9607EA0B1FF7F9F300734EF8 /* MessageViewController.swift */; };
		9607EA0E1FF8162B00734EF8 /* TableViewController.swift in Sources */ = {isa = PBXBuildFile; fileRef = 9607EA0D1FF8162A00734EF8 /* TableViewController.swift */; };
		9607EA121FF821A800734EF8 /* feedViewCell.swift in Sources */ = {isa = PBXBuildFile; fileRef = 9607EA111FF821A800734EF8 /* feedViewCell.swift */; };
		96F8E45C1FF758970088B206 /* AppDelegate.swift in Sources */ = {isa = PBXBuildFile; fileRef = 96F8E45B1FF758970088B206 /* AppDelegate.swift */; };
		96F8E45E1FF758980088B206 /* ViewController.swift in Sources */ = {isa = PBXBuildFile; fileRef = 96F8E45D1FF758980088B206 /* ViewController.swift */; };
		96F8E4611FF758980088B206 /* Main.storyboard in Resources */ = {isa = PBXBuildFile; fileRef = 96F8E45F1FF758980088B206 /* Main.storyboard */; };
		96F8E4631FF758980088B206 /* Assets.xcassets in Resources */ = {isa = PBXBuildFile; fileRef = 96F8E4621FF758980088B206 /* Assets.xcassets */; };
		96F8E4661FF758980088B206 /* LaunchScreen.storyboard in Resources */ = {isa = PBXBuildFile; fileRef = 96F8E4641FF758980088B206 /* LaunchScreen.storyboard */; };
		96F8E46E1FF759A40088B206 /* GoogleService-Info.plist in Resources */ = {isa = PBXBuildFile; fileRef = 96F8E46D1FF759A40088B206 /* GoogleService-Info.plist */; };
		96F8E4701FF76D190088B206 /* User.swift in Sources */ = {isa = PBXBuildFile; fileRef = 96F8E46F1FF76D190088B206 /* User.swift */; };
		DD387E861B77B5F38B7949ED /* Pods_BlogApp.framework in Frameworks */ = {isa = PBXBuildFile; fileRef = E08C4046183032AE975C9BC9 /* Pods_BlogApp.framework */; };
/* End PBXBuildFile section */

/* Begin PBXFileReference section */
		9607EA071FF7B40900734EF8 /* Message.swift */ = {isa = PBXFileReference; lastKnownFileType = sourcecode.swift; path = Message.swift; sourceTree = "<group>"; };
		9607EA0B1FF7F9F300734EF8 /* MessageViewController.swift */ = {isa = PBXFileReference; lastKnownFileType = sourcecode.swift; path = MessageViewController.swift; sourceTree = "<group>"; };
		9607EA0D1FF8162A00734EF8 /* TableViewController.swift */ = {isa = PBXFileReference; lastKnownFileType = sourcecode.swift; path = TableViewController.swift; sourceTree = "<group>"; };
		9607EA111FF821A800734EF8 /* feedViewCell.swift */ = {isa = PBXFileReference; lastKnownFileType = sourcecode.swift; path = feedViewCell.swift; sourceTree = "<group>"; };
		96F8E4581FF758970088B206 /* BlogApp.app */ = {isa = PBXFileReference; explicitFileType = wrapper.application; includeInIndex = 0; path = BlogApp.app; sourceTree = BUILT_PRODUCTS_DIR; };
		96F8E45B1FF758970088B206 /* AppDelegate.swift */ = {isa = PBXFileReference; lastKnownFileType = sourcecode.swift; path = AppDelegate.swift; sourceTree = "<group>"; };
		96F8E45D1FF758980088B206 /* ViewController.swift */ = {isa = PBXFileReference; lastKnownFileType = sourcecode.swift; path = ViewController.swift; sourceTree = "<group>"; };
		96F8E4601FF758980088B206 /* Base */ = {isa = PBXFileReference; lastKnownFileType = file.storyboard; name = Base; path = Base.lproj/Main.storyboard; sourceTree = "<group>"; };
		96F8E4621FF758980088B206 /* Assets.xcassets */ = {isa = PBXFileReference; lastKnownFileType = folder.assetcatalog; path = Assets.xcassets; sourceTree = "<group>"; };
		96F8E4651FF758980088B206 /* Base */ = {isa = PBXFileReference; lastKnownFileType = file.storyboard; name = Base; path = Base.lproj/LaunchScreen.storyboard; sourceTree = "<group>"; };
		96F8E4671FF758980088B206 /* Info.plist */ = {isa = PBXFileReference; lastKnownFileType = text.plist.xml; path = Info.plist; sourceTree = "<group>"; };
		96F8E46D1FF759A40088B206 /* GoogleService-Info.plist */ = {isa = PBXFileReference; fileEncoding = 4; lastKnownFileType = text.plist.xml; name = "GoogleService-Info.plist"; path = "../../GoogleService-Info.plist"; sourceTree = "<group>"; };
		96F8E46F1FF76D190088B206 /* User.swift */ = {isa = PBXFileReference; lastKnownFileType = sourcecode.swift; path = User.swift; sourceTree = "<group>"; };
		9A25E955809169C18B4999F6 /* Pods-BlogApp.release.xcconfig */ = {isa = PBXFileReference; includeInIndex = 1; lastKnownFileType = text.xcconfig; name = "Pods-BlogApp.release.xcconfig"; path = "Pods/Target Support Files/Pods-BlogApp/Pods-BlogApp.release.xcconfig"; sourceTree = "<group>"; };
		E08C4046183032AE975C9BC9 /* Pods_BlogApp.framework */ = {isa = PBXFileReference; explicitFileType = wrapper.framework; includeInIndex = 0; path = Pods_BlogApp.framework; sourceTree = BUILT_PRODUCTS_DIR; };
		E63D9D315AA1302135678A2D /* Pods-BlogApp.debug.xcconfig */ = {isa = PBXFileReference; includeInIndex = 1; lastKnownFileType = text.xcconfig; name = "Pods-BlogApp.debug.xcconfig"; path = "Pods/Target Support Files/Pods-BlogApp/Pods-BlogApp.debug.xcconfig"; sourceTree = "<group>"; };
/* End PBXFileReference section */

/* Begin PBXFrameworksBuildPhase section */
		96F8E4551FF758970088B206 /* Frameworks */ = {
			isa = PBXFrameworksBuildPhase;
			buildActionMask = 2147483647;
			files = (
				DD387E861B77B5F38B7949ED /* Pods_BlogApp.framework in Frameworks */,
			);
			runOnlyForDeploymentPostprocessing = 0;
		};
/* End PBXFrameworksBuildPhase section */

/* Begin PBXGroup section */
		6DF6C833EE1B4B2DB11EE6EB /* Pods */ = {
			isa = PBXGroup;
			children = (
				E63D9D315AA1302135678A2D /* Pods-BlogApp.debug.xcconfig */,
				9A25E955809169C18B4999F6 /* Pods-BlogApp.release.xcconfig */,
			);
			name = Pods;
			sourceTree = "<group>";
		};
		8DAFC7282076AAE590E63C3E /* Frameworks */ = {
			isa = PBXGroup;
			children = (
				E08C4046183032AE975C9BC9 /* Pods_BlogApp.framework */,
			);
			name = Frameworks;
			sourceTree = "<group>";
		};
		96F8E44F1FF758970088B206 = {
			isa = PBXGroup;
			children = (
				96F8E45A1FF758970088B206 /* BlogApp */,
				96F8E4591FF758970088B206 /* Products */,
				6DF6C833EE1B4B2DB11EE6EB /* Pods */,
				8DAFC7282076AAE590E63C3E /* Frameworks */,
			);
			sourceTree = "<group>";
		};
		96F8E4591FF758970088B206 /* Products */ = {
			isa = PBXGroup;
			children = (
				96F8E4581FF758970088B206 /* BlogApp.app */,
			);
			name = Products;
			sourceTree = "<group>";
		};
		96F8E45A1FF758970088B206 /* BlogApp */ = {
			isa = PBXGroup;
			children = (
				96F8E45B1FF758970088B206 /* AppDelegate.swift */,
				96F8E45D1FF758980088B206 /* ViewController.swift */,
				96F8E46F1FF76D190088B206 /* User.swift */,
				9607EA0B1FF7F9F300734EF8 /* MessageViewController.swift */,
				9607EA0D1FF8162A00734EF8 /* TableViewController.swift */,
				9607EA111FF821A800734EF8 /* feedViewCell.swift */,
				96F8E45F1FF758980088B206 /* Main.storyboard */,
				9607EA071FF7B40900734EF8 /* Message.swift */,
				96F8E4621FF758980088B206 /* Assets.xcassets */,
				96F8E4641FF758980088B206 /* LaunchScreen.storyboard */,
				96F8E46D1FF759A40088B206 /* GoogleService-Info.plist */,
				96F8E4671FF758980088B206 /* Info.plist */,
			);
			path = BlogApp;
			sourceTree = "<group>";
		};
/* End PBXGroup section */

/* Begin PBXNativeTarget section */
		96F8E4571FF758970088B206 /* BlogApp */ = {
			isa = PBXNativeTarget;
			buildConfigurationList = 96F8E46A1FF758980088B206 /* Build configuration list for PBXNativeTarget "BlogApp" */;
			buildPhases = (
				97A7C957FAB97F64C7B1D0A5 /* [CP] Check Pods Manifest.lock */,
				96F8E4541FF758970088B206 /* Sources */,
				96F8E4551FF758970088B206 /* Frameworks */,
				96F8E4561FF758970088B206 /* Resources */,
				7B22D65B96C4F66B25841D1C /* [CP] Embed Pods Frameworks */,
				8FB5090354FAC4BFD1E0452C /* [CP] Copy Pods Resources */,
			);
			buildRules = (
			);
			dependencies = (
			);
			name = BlogApp;
			productName = BlogApp;
			productReference = 96F8E4581FF758970088B206 /* BlogApp.app */;
			productType = "com.apple.product-type.application";
		};
/* End PBXNativeTarget section */

/* Begin PBXProject section */
		96F8E4501FF758970088B206 /* Project object */ = {
			isa = PBXProject;
			attributes = {
				LastSwiftUpdateCheck = 0900;
				LastUpgradeCheck = 0900;
				ORGANIZATIONNAME = "Subhamoy Paul";
				TargetAttributes = {
					96F8E4571FF758970088B206 = {
						CreatedOnToolsVersion = 9.0.1;
						ProvisioningStyle = Automatic;
					};
				};
			};
			buildConfigurationList = 96F8E4531FF758970088B206 /* Build configuration list for PBXProject "BlogApp" */;
			compatibilityVersion = "Xcode 8.0";
			developmentRegion = en;
			hasScannedForEncodings = 0;
			knownRegions = (
				en,
				Base,
			);
			mainGroup = 96F8E44F1FF758970088B206;
			productRefGroup = 96F8E4591FF758970088B206 /* Products */;
			projectDirPath = "";
			projectRoot = "";
			targets = (
				96F8E4571FF758970088B206 /* BlogApp */,
			);
		};
/* End PBXProject section */

/* Begin PBXResourcesBuildPhase section */
		96F8E4561FF758970088B206 /* Resources */ = {
			isa = PBXResourcesBuildPhase;
			buildActionMask = 2147483647;
			files = (
				96F8E4661FF758980088B206 /* LaunchScreen.storyboard in Resources */,
				96F8E46E1FF759A40088B206 /* GoogleService-Info.plist in Resources */,
				96F8E4631FF758980088B206 /* Assets.xcassets in Resources */,
				96F8E4611FF758980088B206 /* Main.storyboard in Resources */,
			);
			runOnlyForDeploymentPostprocessing = 0;
		};
/* End PBXResourcesBuildPhase section */

/* Begin PBXShellScriptBuildPhase section */
		7B22D65B96C4F66B25841D1C /* [CP] Embed Pods Frameworks */ = {
			isa = PBXShellScriptBuildPhase;
			buildActionMask = 2147483647;
			files = (
			);
			inputPaths = (
				"${SRCROOT}/Pods/Target Support Files/Pods-BlogApp/Pods-BlogApp-frameworks.sh",
				"${BUILT_PRODUCTS_DIR}/GTMSessionFetcher/GTMSessionFetcher.framework",
				"${BUILT_PRODUCTS_DIR}/GoogleToolboxForMac/GoogleToolboxForMac.framework",
				"${BUILT_PRODUCTS_DIR}/leveldb-library/leveldb.framework",
				"${BUILT_PRODUCTS_DIR}/nanopb/nanopb.framework",
			);
			name = "[CP] Embed Pods Frameworks";
			outputPaths = (
				"${TARGET_BUILD_DIR}/${FRAMEWORKS_FOLDER_PATH}/GTMSessionFetcher.framework",
				"${TARGET_BUILD_DIR}/${FRAMEWORKS_FOLDER_PATH}/GoogleToolboxForMac.framework",
				"${TARGET_BUILD_DIR}/${FRAMEWORKS_FOLDER_PATH}/leveldb.framework",
				"${TARGET_BUILD_DIR}/${FRAMEWORKS_FOLDER_PATH}/nanopb.framework",
			);
			runOnlyForDeploymentPostprocessing = 0;
			shellPath = /bin/sh;
			shellScript = "\"${SRCROOT}/Pods/Target Support Files/Pods-BlogApp/Pods-BlogApp-frameworks.sh\"\n";
			showEnvVarsInLog = 0;
		};
		8FB5090354FAC4BFD1E0452C /* [CP] Copy Pods Resources */ = {
			isa = PBXShellScriptBuildPhase;
			buildActionMask = 2147483647;
			files = (
			);
			inputPaths = (
			);
			name = "[CP] Copy Pods Resources";
			outputPaths = (
			);
			runOnlyForDeploymentPostprocessing = 0;
			shellPath = /bin/sh;
			shellScript = "\"${SRCROOT}/Pods/Target Support Files/Pods-BlogApp/Pods-BlogApp-resources.sh\"\n";
			showEnvVarsInLog = 0;
		};
		97A7C957FAB97F64C7B1D0A5 /* [CP] Check Pods Manifest.lock */ = {
			isa = PBXShellScriptBuildPhase;
			buildActionMask = 2147483647;
			files = (
			);
			inputPaths = (
				"${PODS_PODFILE_DIR_PATH}/Podfile.lock",
				"${PODS_ROOT}/Manifest.lock",
			);
			name = "[CP] Check Pods Manifest.lock";
			outputPaths = (
				"$(DERIVED_FILE_DIR)/Pods-BlogApp-checkManifestLockResult.txt",
			);
			runOnlyForDeploymentPostprocessing = 0;
			shellPath = /bin/sh;
			shellScript = "diff \"${PODS_PODFILE_DIR_PATH}/Podfile.lock\" \"${PODS_ROOT}/Manifest.lock\" > /dev/null\nif [ $? != 0 ] ; then\n    # print error to STDERR\n    echo \"error: The sandbox is not in sync with the Podfile.lock. Run 'pod install' or update your CocoaPods installation.\" >&2\n    exit 1\nfi\n# This output is used by Xcode 'outputs' to avoid re-running this script phase.\necho \"SUCCESS\" > \"${SCRIPT_OUTPUT_FILE_0}\"\n";
			showEnvVarsInLog = 0;
		};
/* End PBXShellScriptBuildPhase section */

/* Begin PBXSourcesBuildPhase section */
		96F8E4541FF758970088B206 /* Sources */ = {
			isa = PBXSourcesBuildPhase;
			buildActionMask = 2147483647;
			files = (
				96F8E45E1FF758980088B206 /* ViewController.swift in Sources */,
				9607EA0E1FF8162B00734EF8 /* TableViewController.swift in Sources */,
				9607EA121FF821A800734EF8 /* feedViewCell.swift in Sources */,
				9607EA081FF7B40900734EF8 /* Message.swift in Sources */,
				96F8E4701FF76D190088B206 /* User.swift in Sources */,
				96F8E45C1FF758970088B206 /* AppDelegate.swift in Sources */,
				9607EA0C1FF7F9F300734EF8 /* MessageViewController.swift in Sources */,
			);
			runOnlyForDeploymentPostprocessing = 0;
		};
/* End PBXSourcesBuildPhase section */

/* Begin PBXVariantGroup section */
		96F8E45F1FF758980088B206 /* Main.storyboard */ = {
			isa = PBXVariantGroup;
			children = (
				96F8E4601FF758980088B206 /* Base */,
			);
			name = Main.storyboard;
			sourceTree = "<group>";
		};
		96F8E4641FF758980088B206 /* LaunchScreen.storyboard */ = {
			isa = PBXVariantGroup;
			children = (
				96F8E4651FF758980088B206 /* Base */,
			);
			name = LaunchScreen.storyboard;
			sourceTree = "<group>";
		};
/* End PBXVariantGroup section */

/* Begin XCBuildConfiguration section */
		96F8E4681FF758980088B206 /* Debug */ = {
			isa = XCBuildConfiguration;
			buildSettings = {
				ALWAYS_SEARCH_USER_PATHS = NO;
				CLANG_ANALYZER_NONNULL = YES;
				CLANG_ANALYZER_NUMBER_OBJECT_CONVERSION = YES_AGGRESSIVE;
				CLANG_CXX_LANGUAGE_STANDARD = "gnu++14";
				CLANG_CXX_LIBRARY = "libc++";
				CLANG_ENABLE_MODULES = YES;
				CLANG_ENABLE_OBJC_ARC = YES;
				CLANG_WARN_BLOCK_CAPTURE_AUTORELEASING = YES;
				CLANG_WARN_BOOL_CONVERSION = YES;
				CLANG_WARN_COMMA = YES;
				CLANG_WARN_CONSTANT_CONVERSION = YES;
				CLANG_WARN_DIRECT_OBJC_ISA_USAGE = YES_ERROR;
				CLANG_WARN_DOCUMENTATION_COMMENTS = YES;
				CLANG_WARN_EMPTY_BODY = YES;
				CLANG_WARN_ENUM_CONVERSION = YES;
				CLANG_WARN_INFINITE_RECURSION = YES;
				CLANG_WARN_INT_CONVERSION = YES;
				CLANG_WARN_NON_LITERAL_NULL_CONVERSION = YES;
				CLANG_WARN_OBJC_LITERAL_CONVERSION = YES;
				CLANG_WARN_OBJC_ROOT_CLASS = YES_ERROR;
				CLANG_WARN_RANGE_LOOP_ANALYSIS = YES;
				CLANG_WARN_STRICT_PROTOTYPES = YES;
				CLANG_WARN_SUSPICIOUS_MOVE = YES;
				CLANG_WARN_UNGUARDED_AVAILABILITY = YES_AGGRESSIVE;
				CLANG_WARN_UNREACHABLE_CODE = YES;
				CLANG_WARN__DUPLICATE_METHOD_MATCH = YES;
				CODE_SIGN_IDENTITY = "iPhone Developer";
				COPY_PHASE_STRIP = NO;
				DEBUG_INFORMATION_FORMAT = dwarf;
				ENABLE_STRICT_OBJC_MSGSEND = YES;
				ENABLE_TESTABILITY = YES;
				GCC_C_LANGUAGE_STANDARD = gnu11;
				GCC_DYNAMIC_NO_PIC = NO;
				GCC_NO_COMMON_BLOCKS = YES;
				GCC_OPTIMIZATION_LEVEL = 0;
				GCC_PREPROCESSOR_DEFINITIONS = (
					"DEBUG=1",
					"$(inherited)",
				);
				GCC_WARN_64_TO_32_BIT_CONVERSION = YES;
				GCC_WARN_ABOUT_RETURN_TYPE = YES_ERROR;
				GCC_WARN_UNDECLARED_SELECTOR = YES;
				GCC_WARN_UNINITIALIZED_AUTOS = YES_AGGRESSIVE;
				GCC_WARN_UNUSED_FUNCTION = YES;
				GCC_WARN_UNUSED_VARIABLE = YES;
				IPHONEOS_DEPLOYMENT_TARGET = 11.0;
				MTL_ENABLE_DEBUG_INFO = YES;
				ONLY_ACTIVE_ARCH = YES;
				SDKROOT = iphoneos;
				SWIFT_ACTIVE_COMPILATION_CONDITIONS = DEBUG;
				SWIFT_OPTIMIZATION_LEVEL = "-Onone";
			};
			name = Debug;
		};
		96F8E4691FF758980088B206 /* Release */ = {
			isa = XCBuildConfiguration;
			buildSettings = {
				ALWAYS_SEARCH_USER_PATHS = NO;
				CLANG_ANALYZER_NONNULL = YES;
				CLANG_ANALYZER_NUMBER_OBJECT_CONVERSION = YES_AGGRESSIVE;
				CLANG_CXX_LANGUAGE_STANDARD = "gnu++14";
				CLANG_CXX_LIBRARY = "libc++";
				CLANG_ENABLE_MODULES = YES;
				CLANG_ENABLE_OBJC_ARC = YES;
				CLANG_WARN_BLOCK_CAPTURE_AUTORELEASING = YES;
				CLANG_WARN_BOOL_CONVERSION = YES;
				CLANG_WARN_COMMA = YES;
				CLANG_WARN_CONSTANT_CONVERSION = YES;
				CLANG_WARN_DIRECT_OBJC_ISA_USAGE = YES_ERROR;
				CLANG_WARN_DOCUMENTATION_COMMENTS = YES;
				CLANG_WARN_EMPTY_BODY = YES;
				CLANG_WARN_ENUM_CONVERSION = YES;
				CLANG_WARN_INFINITE_RECURSION = YES;
				CLANG_WARN_INT_CONVERSION = YES;
				CLANG_WARN_NON_LITERAL_NULL_CONVERSION = YES;
				CLANG_WARN_OBJC_LITERAL_CONVERSION = YES;
				CLANG_WARN_OBJC_ROOT_CLASS = YES_ERROR;
				CLANG_WARN_RANGE_LOOP_ANALYSIS = YES;
				CLANG_WARN_STRICT_PROTOTYPES = YES;
				CLANG_WARN_SUSPICIOUS_MOVE = YES;
				CLANG_WARN_UNGUARDED_AVAILABILITY = YES_AGGRESSIVE;
				CLANG_WARN_UNREACHABLE_CODE = YES;
				CLANG_WARN__DUPLICATE_METHOD_MATCH = YES;
				CODE_SIGN_IDENTITY = "iPhone Developer";
				COPY_PHASE_STRIP = NO;
				DEBUG_INFORMATION_FORMAT = "dwarf-with-dsym";
				ENABLE_NS_ASSERTIONS = NO;
				ENABLE_STRICT_OBJC_MSGSEND = YES;
				GCC_C_LANGUAGE_STANDARD = gnu11;
				GCC_NO_COMMON_BLOCKS = YES;
				GCC_WARN_64_TO_32_BIT_CONVERSION = YES;
				GCC_WARN_ABOUT_RETURN_TYPE = YES_ERROR;
				GCC_WARN_UNDECLARED_SELECTOR = YES;
				GCC_WARN_UNINITIALIZED_AUTOS = YES_AGGRESSIVE;
				GCC_WARN_UNUSED_FUNCTION = YES;
				GCC_WARN_UNUSED_VARIABLE = YES;
				IPHONEOS_DEPLOYMENT_TARGET = 11.0;
				MTL_ENABLE_DEBUG_INFO = NO;
				SDKROOT = iphoneos;
				SWIFT_OPTIMIZATION_LEVEL = "-Owholemodule";
				VALIDATE_PRODUCT = YES;
			};
			name = Release;
		};
		96F8E46B1FF758980088B206 /* Debug */ = {
			isa = XCBuildConfiguration;
			baseConfigurationReference = E63D9D315AA1302135678A2D /* Pods-BlogApp.debug.xcconfig */;
			buildSettings = {
				ASSETCATALOG_COMPILER_APPICON_NAME = AppIcon;
				CODE_SIGN_STYLE = Automatic;
				INFOPLIST_FILE = BlogApp/Info.plist;
				LD_RUNPATH_SEARCH_PATHS = "$(inherited) @executable_path/Frameworks";
				PRODUCT_BUNDLE_IDENTIFIER = com.paul.BlogApp;
				PRODUCT_NAME = "$(TARGET_NAME)";
				SWIFT_VERSION = 4.0;
				TARGETED_DEVICE_FAMILY = "1,2";
			};
			name = Debug;
		};
		96F8E46C1FF758980088B206 /* Release */ = {
			isa = XCBuildConfiguration;
			baseConfigurationReference = 9A25E955809169C18B4999F6 /* Pods-BlogApp.release.xcconfig */;
			buildSettings = {
				ASSETCATALOG_COMPILER_APPICON_NAME = AppIcon;
				CODE_SIGN_STYLE = Automatic;
				INFOPLIST_FILE = BlogApp/Info.plist;
				LD_RUNPATH_SEARCH_PATHS = "$(inherited) @executable_path/Frameworks";
				PRODUCT_BUNDLE_IDENTIFIER = com.paul.BlogApp;
				PRODUCT_NAME = "$(TARGET_NAME)";
				SWIFT_VERSION = 4.0;
				TARGETED_DEVICE_FAMILY = "1,2";
			};
			name = Release;
		};
/* End XCBuildConfiguration section */

/* Begin XCConfigurationList section */
		96F8E4531FF758970088B206 /* Build configuration list for PBXProject "BlogApp" */ = {
			isa = XCConfigurationList;
			buildConfigurations = (
				96F8E4681FF758980088B206 /* Debug */,
				96F8E4691FF758980088B206 /* Release */,
			);
			defaultConfigurationIsVisible = 0;
			defaultConfigurationName = Release;
		};
		96F8E46A1FF758980088B206 /* Build configuration list for PBXNativeTarget "BlogApp" */ = {
			isa = XCConfigurationList;
			buildConfigurations = (
				96F8E46B1FF758980088B206 /* Debug */,
				96F8E46C1FF758980088B206 /* Release */,
			);
			defaultConfigurationIsVisible = 0;
			defaultConfigurationName = Release;
		};
/* End XCConfigurationList section */
	};
	rootObject = 96F8E4501FF758970088B206 /* Project object */;
}
